
Microsoft Visual Studio Solution File, Format Version 12.00
# Visual Studio 2013
VisualStudioVersion = 12.0.31101.0
MinimumVisualStudioVersion = 10.0.40219.1
Project("{FAE04EC0-301F-11D3-BF4B-00C04F79EFBC}") = "Chapter2", "Chapter2\Chapter2.csproj", "{25BA51A3-E8F7-4EA3-A7F6-8AE672E126AB}"
EndProject
Project("{FAE04EC0-301F-11D3-BF4B-00C04F79EFBC}") = "Chapter2a", "Chapter2a\Chapter2a.csproj", "{F3B6C933-88CD-419F-B54B-9441D9E5FB54}"
EndProject
Project("{FAE04EC0-301F-11D3-BF4B-00C04F79EFBC}") = "Chapter2b", "Chapter2b\Chapter2b.csproj", "{C1789B92-A1E9-4C54-8CF0-4869A2544628}"
EndProject
Project("{FAE04EC0-301F-11D3-BF4B-00C04F79EFBC}") = "Chapter3", "Chapter3\Chapter3.csproj", "{20F3807D-171D-4F93-9D99-C18ACE72659A}"
EndProject
Project("{FAE04EC0-301F-11D3-BF4B-00C04F79EFBC}") = "Chapter3a", "Chapter3a\Chapter3a.csproj", "{166FAE47-F47B-4EB0-82F8-71721C01091A}"
EndProject
Project("{FAE04EC0-301F-11D3-BF4B-00C04F79EFBC}") = "Chapter4", "Chapter4\Chapter4.csproj", "{5F1B67F3-A7B8-427B-9F8E-6FB32D04587C}"
EndProject
Project("{FAE04EC0-301F-11D3-BF4B-00C04F79EFBC}") = "Chapter4a", "Chapter4a\Chapter4a.csproj", "{4355836B-844E-4406-B4BC-2A77750BC9E6}"
EndProject
Project("{FAE04EC0-301F-11D3-BF4B-00C04F79EFBC}") = "Chapter6", "Chapter6\Chapter6.csproj", "{49AEFC26-9722-47B1-A1F9-026DE806E325}"
EndProject
Project("{FAE04EC0-301F-11D3-BF4B-00C04F79EFBC}") = "Chapter7", "Chapter7\Chapter7.csproj", "{69FC4896-37F9-4EA2-BAFD-B327EFD31FAF}"
EndProject
Project("{FAE04EC0-301F-11D3-BF4B-00C04F79EFBC}") = "Chapter7a", "Chapter7a\Chapter7a.csproj", "{508C2A3C-3D58-49E2-9326-F28BB9FA01F0}"
EndProject
Project("{FAE04EC0-301F-11D3-BF4B-00C04F79EFBC}") = "Chapter8", "Chapter8\Chapter8.csproj", "{603B00CB-01FE-4A6D-9272-E10DC67BEBB7}"
EndProject
Project("{FAE04EC0-301F-11D3-BF4B-00C04F79EFBC}") = "Chapter9", "Chapter9\Chapter9.csproj", "{7D36AF73-F691-4B9B-9177-CEACFC96CF30}"
EndProject
Project("{FAE04EC0-301F-11D3-BF4B-00C04F79EFBC}") = "Chapter10", "Chapter10\Chapter10.csproj", "{DE52000B-7632-4C80-B8BE-99E396D83535}"
EndProject
Project("{FAE04EC0-301F-11D3-BF4B-00C04F79EFBC}") = "Chapter10a", "Chapter10a\Chapter10a.csproj", "{A65E6707-6A58-4F18-9296-4458495512B7}"
EndProject
Project("{FAE04EC0-301F-11D3-BF4B-00C04F79EFBC}") = "Chapter10b", "Chapter10b\Chapter10b.csproj", "{19522310-27D9-48C9-86E6-43543262A896}"
EndProject
Project("{FAE04EC0-301F-11D3-BF4B-00C04F79EFBC}") = "Chapter11", "Chapter11\Chapter11.csproj", "{6EE1D373-9B3A-4F1C-B777-23CE7BF67C3F}"
EndProject
Project("{FAE04EC0-301F-11D3-BF4B-00C04F79EFBC}") = "Chapter11a", "Chapter11a\Chapter11a.csproj", "{DBCDF33B-6B45-4AC1-B1B6-EBEF361355F0}"
EndProject
Project("{FAE04EC0-301F-11D3-BF4B-00C04F79EFBC}") = "Chapter11b", "Chapter11b\Chapter11b.csproj", "{19B29CDC-BE83-4A67-9932-EBB41B4F971F}"
EndProject
Project("{FAE04EC0-301F-11D3-BF4B-00C04F79EFBC}") = "Chapter11c", "Chapter11c\Chapter11c.csproj", "{8AFAE0D6-CB77-4718-BCBC-C10622658ED1}"
EndProject
Project("{FAE04EC0-301F-11D3-BF4B-00C04F79EFBC}") = "Chapter1", "Chapter1\Chapter1.csproj", "{39DE280E-2709-4C05-8F0C-01F8774D73C7}"
EndProject
Global
	GlobalSection(SolutionConfigurationPlatforms) = preSolution
		Debug|Any CPU = Debug|Any CPU
		Debug|ARM = Debug|ARM
		Debug|x64 = Debug|x64
		Debug|x86 = Debug|x86
		Release|Any CPU = Release|Any CPU
		Release|ARM = Release|ARM
		Release|x64 = Release|x64
		Release|x86 = Release|x86
	EndGlobalSection
	GlobalSection(ProjectConfigurationPlatforms) = postSolution
		{25BA51A3-E8F7-4EA3-A7F6-8AE672E126AB}.Debug|Any CPU.ActiveCfg = Debug|Any CPU
		{25BA51A3-E8F7-4EA3-A7F6-8AE672E126AB}.Debug|Any CPU.Build.0 = Debug|Any CPU
		{25BA51A3-E8F7-4EA3-A7F6-8AE672E126AB}.Debug|ARM.ActiveCfg = Debug|Any CPU
		{25BA51A3-E8F7-4EA3-A7F6-8AE672E126AB}.Debug|x64.ActiveCfg = Debug|Any CPU
		{25BA51A3-E8F7-4EA3-A7F6-8AE672E126AB}.Debug|x86.ActiveCfg = Debug|Any CPU
		{25BA51A3-E8F7-4EA3-A7F6-8AE672E126AB}.Release|Any CPU.ActiveCfg = Release|Any CPU
		{25BA51A3-E8F7-4EA3-A7F6-8AE672E126AB}.Release|Any CPU.Build.0 = Release|Any CPU
		{25BA51A3-E8F7-4EA3-A7F6-8AE672E126AB}.Release|ARM.ActiveCfg = Release|Any CPU
		{25BA51A3-E8F7-4EA3-A7F6-8AE672E126AB}.Release|x64.ActiveCfg = Release|Any CPU
		{25BA51A3-E8F7-4EA3-A7F6-8AE672E126AB}.Release|x86.ActiveCfg = Release|Any CPU
		{F3B6C933-88CD-419F-B54B-9441D9E5FB54}.Debug|Any CPU.ActiveCfg = Debug|Any CPU
		{F3B6C933-88CD-419F-B54B-9441D9E5FB54}.Debug|Any CPU.Build.0 = Debug|Any CPU
		{F3B6C933-88CD-419F-B54B-9441D9E5FB54}.Debug|ARM.ActiveCfg = Debug|Any CPU
		{F3B6C933-88CD-419F-B54B-9441D9E5FB54}.Debug|x64.ActiveCfg = Debug|Any CPU
		{F3B6C933-88CD-419F-B54B-9441D9E5FB54}.Debug|x86.ActiveCfg = Debug|Any CPU
		{F3B6C933-88CD-419F-B54B-9441D9E5FB54}.Release|Any CPU.ActiveCfg = Release|Any CPU
		{F3B6C933-88CD-419F-B54B-9441D9E5FB54}.Release|Any CPU.Build.0 = Release|Any CPU
		{F3B6C933-88CD-419F-B54B-9441D9E5FB54}.Release|ARM.ActiveCfg = Release|Any CPU
		{F3B6C933-88CD-419F-B54B-9441D9E5FB54}.Release|x64.ActiveCfg = Release|Any CPU
		{F3B6C933-88CD-419F-B54B-9441D9E5FB54}.Release|x86.ActiveCfg = Release|Any CPU
		{C1789B92-A1E9-4C54-8CF0-4869A2544628}.Debug|Any CPU.ActiveCfg = Debug|Any CPU
		{C1789B92-A1E9-4C54-8CF0-4869A2544628}.Debug|Any CPU.Build.0 = Debug|Any CPU
		{C1789B92-A1E9-4C54-8CF0-4869A2544628}.Debug|ARM.ActiveCfg = Debug|Any CPU
		{C1789B92-A1E9-4C54-8CF0-4869A2544628}.Debug|x64.ActiveCfg = Debug|Any CPU
		{C1789B92-A1E9-4C54-8CF0-4869A2544628}.Debug|x86.ActiveCfg = Debug|Any CPU
		{C1789B92-A1E9-4C54-8CF0-4869A2544628}.Release|Any CPU.ActiveCfg = Release|Any CPU
		{C1789B92-A1E9-4C54-8CF0-4869A2544628}.Release|Any CPU.Build.0 = Release|Any CPU
		{C1789B92-A1E9-4C54-8CF0-4869A2544628}.Release|ARM.ActiveCfg = Release|Any CPU
		{C1789B92-A1E9-4C54-8CF0-4869A2544628}.Release|x64.ActiveCfg = Release|Any CPU
		{C1789B92-A1E9-4C54-8CF0-4869A2544628}.Release|x86.ActiveCfg = Release|Any CPU
		{20F3807D-171D-4F93-9D99-C18ACE72659A}.Debug|Any CPU.ActiveCfg = Debug|Any CPU
		{20F3807D-171D-4F93-9D99-C18ACE72659A}.Debug|Any CPU.Build.0 = Debug|Any CPU
		{20F3807D-171D-4F93-9D99-C18ACE72659A}.Debug|ARM.ActiveCfg = Debug|Any CPU
		{20F3807D-171D-4F93-9D99-C18ACE72659A}.Debug|x64.ActiveCfg = Debug|Any CPU
		{20F3807D-171D-4F93-9D99-C18ACE72659A}.Debug|x86.ActiveCfg = Debug|Any CPU
		{20F3807D-171D-4F93-9D99-C18ACE72659A}.Release|Any CPU.ActiveCfg = Release|Any CPU
		{20F3807D-171D-4F93-9D99-C18ACE72659A}.Release|Any CPU.Build.0 = Release|Any CPU
		{20F3807D-171D-4F93-9D99-C18ACE72659A}.Release|ARM.ActiveCfg = Release|Any CPU
		{20F3807D-171D-4F93-9D99-C18ACE72659A}.Release|x64.ActiveCfg = Release|Any CPU
		{20F3807D-171D-4F93-9D99-C18ACE72659A}.Release|x86.ActiveCfg = Release|Any CPU
		{166FAE47-F47B-4EB0-82F8-71721C01091A}.Debug|Any CPU.ActiveCfg = Debug|Any CPU
		{166FAE47-F47B-4EB0-82F8-71721C01091A}.Debug|Any CPU.Build.0 = Debug|Any CPU
		{166FAE47-F47B-4EB0-82F8-71721C01091A}.Debug|ARM.ActiveCfg = Debug|Any CPU
		{166FAE47-F47B-4EB0-82F8-71721C01091A}.Debug|x64.ActiveCfg = Debug|Any CPU
		{166FAE47-F47B-4EB0-82F8-71721C01091A}.Debug|x86.ActiveCfg = Debug|Any CPU
		{166FAE47-F47B-4EB0-82F8-71721C01091A}.Release|Any CPU.ActiveCfg = Release|Any CPU
		{166FAE47-F47B-4EB0-82F8-71721C01091A}.Release|Any CPU.Build.0 = Release|Any CPU
		{166FAE47-F47B-4EB0-82F8-71721C01091A}.Release|ARM.ActiveCfg = Release|Any CPU
		{166FAE47-F47B-4EB0-82F8-71721C01091A}.Release|x64.ActiveCfg = Release|Any CPU
		{166FAE47-F47B-4EB0-82F8-71721C01091A}.Release|x86.ActiveCfg = Release|Any CPU
		{5F1B67F3-A7B8-427B-9F8E-6FB32D04587C}.Debug|Any CPU.ActiveCfg = Debug|Any CPU
		{5F1B67F3-A7B8-427B-9F8E-6FB32D04587C}.Debug|Any CPU.Build.0 = Debug|Any CPU
		{5F1B67F3-A7B8-427B-9F8E-6FB32D04587C}.Debug|ARM.ActiveCfg = Debug|Any CPU
		{5F1B67F3-A7B8-427B-9F8E-6FB32D04587C}.Debug|x64.ActiveCfg = Debug|Any CPU
		{5F1B67F3-A7B8-427B-9F8E-6FB32D04587C}.Debug|x86.ActiveCfg = Debug|Any CPU
		{5F1B67F3-A7B8-427B-9F8E-6FB32D04587C}.Release|Any CPU.ActiveCfg = Release|Any CPU
		{5F1B67F3-A7B8-427B-9F8E-6FB32D04587C}.Release|Any CPU.Build.0 = Release|Any CPU
		{5F1B67F3-A7B8-427B-9F8E-6FB32D04587C}.Release|ARM.ActiveCfg = Release|Any CPU
		{5F1B67F3-A7B8-427B-9F8E-6FB32D04587C}.Release|x64.ActiveCfg = Release|Any CPU
		{5F1B67F3-A7B8-427B-9F8E-6FB32D04587C}.Release|x86.ActiveCfg = Release|Any CPU
		{4355836B-844E-4406-B4BC-2A77750BC9E6}.Debug|Any CPU.ActiveCfg = Debug|Any CPU
		{4355836B-844E-4406-B4BC-2A77750BC9E6}.Debug|Any CPU.Build.0 = Debug|Any CPU
		{4355836B-844E-4406-B4BC-2A77750BC9E6}.Debug|ARM.ActiveCfg = Debug|Any CPU
		{4355836B-844E-4406-B4BC-2A77750BC9E6}.Debug|x64.ActiveCfg = Debug|Any CPU
		{4355836B-844E-4406-B4BC-2A77750BC9E6}.Debug|x86.ActiveCfg = Debug|Any CPU
		{4355836B-844E-4406-B4BC-2A77750BC9E6}.Release|Any CPU.ActiveCfg = Release|Any CPU
		{4355836B-844E-4406-B4BC-2A77750BC9E6}.Release|Any CPU.Build.0 = Release|Any CPU
		{4355836B-844E-4406-B4BC-2A77750BC9E6}.Release|ARM.ActiveCfg = Release|Any CPU
		{4355836B-844E-4406-B4BC-2A77750BC9E6}.Release|x64.ActiveCfg = Release|Any CPU
		{4355836B-844E-4406-B4BC-2A77750BC9E6}.Release|x86.ActiveCfg = Release|Any CPU
		{49AEFC26-9722-47B1-A1F9-026DE806E325}.Debug|Any CPU.ActiveCfg = Debug|Any CPU
		{49AEFC26-9722-47B1-A1F9-026DE806E325}.Debug|Any CPU.Build.0 = Debug|Any CPU
		{49AEFC26-9722-47B1-A1F9-026DE806E325}.Debug|ARM.ActiveCfg = Debug|Any CPU
		{49AEFC26-9722-47B1-A1F9-026DE806E325}.Debug|x64.ActiveCfg = Debug|Any CPU
		{49AEFC26-9722-47B1-A1F9-026DE806E325}.Debug|x86.ActiveCfg = Debug|Any CPU
		{49AEFC26-9722-47B1-A1F9-026DE806E325}.Release|Any CPU.ActiveCfg = Release|Any CPU
		{49AEFC26-9722-47B1-A1F9-026DE806E325}.Release|Any CPU.Build.0 = Release|Any CPU
		{49AEFC26-9722-47B1-A1F9-026DE806E325}.Release|ARM.ActiveCfg = Release|Any CPU
		{49AEFC26-9722-47B1-A1F9-026DE806E325}.Release|x64.ActiveCfg = Release|Any CPU
		{49AEFC26-9722-47B1-A1F9-026DE806E325}.Release|x86.ActiveCfg = Release|Any CPU
		{69FC4896-37F9-4EA2-BAFD-B327EFD31FAF}.Debug|Any CPU.ActiveCfg = Debug|Any CPU
		{69FC4896-37F9-4EA2-BAFD-B327EFD31FAF}.Debug|Any CPU.Build.0 = Debug|Any CPU
		{69FC4896-37F9-4EA2-BAFD-B327EFD31FAF}.Debug|ARM.ActiveCfg = Debug|Any CPU
		{69FC4896-37F9-4EA2-BAFD-B327EFD31FAF}.Debug|x64.ActiveCfg = Debug|Any CPU
		{69FC4896-37F9-4EA2-BAFD-B327EFD31FAF}.Debug|x86.ActiveCfg = Debug|Any CPU
		{69FC4896-37F9-4EA2-BAFD-B327EFD31FAF}.Release|Any CPU.ActiveCfg = Release|Any CPU
		{69FC4896-37F9-4EA2-BAFD-B327EFD31FAF}.Release|Any CPU.Build.0 = Release|Any CPU
		{69FC4896-37F9-4EA2-BAFD-B327EFD31FAF}.Release|ARM.ActiveCfg = Release|Any CPU
		{69FC4896-37F9-4EA2-BAFD-B327EFD31FAF}.Release|x64.ActiveCfg = Release|Any CPU
		{69FC4896-37F9-4EA2-BAFD-B327EFD31FAF}.Release|x86.ActiveCfg = Release|Any CPU
		{508C2A3C-3D58-49E2-9326-F28BB9FA01F0}.Debug|Any CPU.ActiveCfg = Debug|Any CPU
		{508C2A3C-3D58-49E2-9326-F28BB9FA01F0}.Debug|Any CPU.Build.0 = Debug|Any CPU
		{508C2A3C-3D58-49E2-9326-F28BB9FA01F0}.Debug|ARM.ActiveCfg = Debug|Any CPU
		{508C2A3C-3D58-49E2-9326-F28BB9FA01F0}.Debug|x64.ActiveCfg = Debug|Any CPU
		{508C2A3C-3D58-49E2-9326-F28BB9FA01F0}.Debug|x86.ActiveCfg = Debug|Any CPU
		{508C2A3C-3D58-49E2-9326-F28BB9FA01F0}.Release|Any CPU.ActiveCfg = Release|Any CPU
		{508C2A3C-3D58-49E2-9326-F28BB9FA01F0}.Release|Any CPU.Build.0 = Release|Any CPU
		{508C2A3C-3D58-49E2-9326-F28BB9FA01F0}.Release|ARM.ActiveCfg = Release|Any CPU
		{508C2A3C-3D58-49E2-9326-F28BB9FA01F0}.Release|x64.ActiveCfg = Release|Any CPU
		{508C2A3C-3D58-49E2-9326-F28BB9FA01F0}.Release|x86.ActiveCfg = Release|Any CPU
		{603B00CB-01FE-4A6D-9272-E10DC67BEBB7}.Debug|Any CPU.ActiveCfg = Debug|Any CPU
		{603B00CB-01FE-4A6D-9272-E10DC67BEBB7}.Debug|Any CPU.Build.0 = Debug|Any CPU
		{603B00CB-01FE-4A6D-9272-E10DC67BEBB7}.Debug|ARM.ActiveCfg = Debug|Any CPU
		{603B00CB-01FE-4A6D-9272-E10DC67BEBB7}.Debug|x64.ActiveCfg = Debug|Any CPU
		{603B00CB-01FE-4A6D-9272-E10DC67BEBB7}.Debug|x86.ActiveCfg = Debug|Any CPU
		{603B00CB-01FE-4A6D-9272-E10DC67BEBB7}.Release|Any CPU.ActiveCfg = Release|Any CPU
		{603B00CB-01FE-4A6D-9272-E10DC67BEBB7}.Release|Any CPU.Build.0 = Release|Any CPU
		{603B00CB-01FE-4A6D-9272-E10DC67BEBB7}.Release|ARM.ActiveCfg = Release|Any CPU
		{603B00CB-01FE-4A6D-9272-E10DC67BEBB7}.Release|x64.ActiveCfg = Release|Any CPU
		{603B00CB-01FE-4A6D-9272-E10DC67BEBB7}.Release|x86.ActiveCfg = Release|Any CPU
		{7D36AF73-F691-4B9B-9177-CEACFC96CF30}.Debug|Any CPU.ActiveCfg = Debug|Any CPU
		{7D36AF73-F691-4B9B-9177-CEACFC96CF30}.Debug|Any CPU.Build.0 = Debug|Any CPU
		{7D36AF73-F691-4B9B-9177-CEACFC96CF30}.Debug|ARM.ActiveCfg = Debug|Any CPU
		{7D36AF73-F691-4B9B-9177-CEACFC96CF30}.Debug|x64.ActiveCfg = Debug|Any CPU
		{7D36AF73-F691-4B9B-9177-CEACFC96CF30}.Debug|x86.ActiveCfg = Debug|Any CPU
		{7D36AF73-F691-4B9B-9177-CEACFC96CF30}.Release|Any CPU.ActiveCfg = Release|Any CPU
		{7D36AF73-F691-4B9B-9177-CEACFC96CF30}.Release|Any CPU.Build.0 = Release|Any CPU
		{7D36AF73-F691-4B9B-9177-CEACFC96CF30}.Release|ARM.ActiveCfg = Release|Any CPU
		{7D36AF73-F691-4B9B-9177-CEACFC96CF30}.Release|x64.ActiveCfg = Release|Any CPU
		{7D36AF73-F691-4B9B-9177-CEACFC96CF30}.Release|x86.ActiveCfg = Release|Any CPU
		{DE52000B-7632-4C80-B8BE-99E396D83535}.Debug|Any CPU.ActiveCfg = Debug|Any CPU
		{DE52000B-7632-4C80-B8BE-99E396D83535}.Debug|Any CPU.Build.0 = Debug|Any CPU
		{DE52000B-7632-4C80-B8BE-99E396D83535}.Debug|ARM.ActiveCfg = Debug|Any CPU
		{DE52000B-7632-4C80-B8BE-99E396D83535}.Debug|x64.ActiveCfg = Debug|Any CPU
		{DE52000B-7632-4C80-B8BE-99E396D83535}.Debug|x86.ActiveCfg = Debug|Any CPU
		{DE52000B-7632-4C80-B8BE-99E396D83535}.Release|Any CPU.ActiveCfg = Release|Any CPU
		{DE52000B-7632-4C80-B8BE-99E396D83535}.Release|Any CPU.Build.0 = Release|Any CPU
		{DE52000B-7632-4C80-B8BE-99E396D83535}.Release|ARM.ActiveCfg = Release|Any CPU
		{DE52000B-7632-4C80-B8BE-99E396D83535}.Release|x64.ActiveCfg = Release|Any CPU
		{DE52000B-7632-4C80-B8BE-99E396D83535}.Release|x86.ActiveCfg = Release|Any CPU
		{A65E6707-6A58-4F18-9296-4458495512B7}.Debug|Any CPU.ActiveCfg = Debug|Any CPU
		{A65E6707-6A58-4F18-9296-4458495512B7}.Debug|Any CPU.Build.0 = Debug|Any CPU
		{A65E6707-6A58-4F18-9296-4458495512B7}.Debug|ARM.ActiveCfg = Debug|Any CPU
		{A65E6707-6A58-4F18-9296-4458495512B7}.Debug|x64.ActiveCfg = Debug|Any CPU
		{A65E6707-6A58-4F18-9296-4458495512B7}.Debug|x86.ActiveCfg = Debug|Any CPU
		{A65E6707-6A58-4F18-9296-4458495512B7}.Release|Any CPU.ActiveCfg = Release|Any CPU
		{A65E6707-6A58-4F18-9296-4458495512B7}.Release|Any CPU.Build.0 = Release|Any CPU
		{A65E6707-6A58-4F18-9296-4458495512B7}.Release|ARM.ActiveCfg = Release|Any CPU
		{A65E6707-6A58-4F18-9296-4458495512B7}.Release|x64.ActiveCfg = Release|Any CPU
		{A65E6707-6A58-4F18-9296-4458495512B7}.Release|x86.ActiveCfg = Release|Any CPU
		{19522310-27D9-48C9-86E6-43543262A896}.Debug|Any CPU.ActiveCfg = Debug|Any CPU
		{19522310-27D9-48C9-86E6-43543262A896}.Debug|Any CPU.Build.0 = Debug|Any CPU
		{19522310-27D9-48C9-86E6-43543262A896}.Debug|ARM.ActiveCfg = Debug|Any CPU
		{19522310-27D9-48C9-86E6-43543262A896}.Debug|x64.ActiveCfg = Debug|Any CPU
		{19522310-27D9-48C9-86E6-43543262A896}.Debug|x86.ActiveCfg = Debug|Any CPU
		{19522310-27D9-48C9-86E6-43543262A896}.Release|Any CPU.ActiveCfg = Release|Any CPU
		{19522310-27D9-48C9-86E6-43543262A896}.Release|Any CPU.Build.0 = Release|Any CPU
		{19522310-27D9-48C9-86E6-43543262A896}.Release|ARM.ActiveCfg = Release|Any CPU
		{19522310-27D9-48C9-86E6-43543262A896}.Release|x64.ActiveCfg = Release|Any CPU
		{19522310-27D9-48C9-86E6-43543262A896}.Release|x86.ActiveCfg = Release|Any CPU
		{6EE1D373-9B3A-4F1C-B777-23CE7BF67C3F}.Debug|Any CPU.ActiveCfg = Debug|Any CPU
		{6EE1D373-9B3A-4F1C-B777-23CE7BF67C3F}.Debug|Any CPU.Build.0 = Debug|Any CPU
		{6EE1D373-9B3A-4F1C-B777-23CE7BF67C3F}.Debug|ARM.ActiveCfg = Debug|Any CPU
		{6EE1D373-9B3A-4F1C-B777-23CE7BF67C3F}.Debug|x64.ActiveCfg = Debug|Any CPU
		{6EE1D373-9B3A-4F1C-B777-23CE7BF67C3F}.Debug|x86.ActiveCfg = Debug|Any CPU
		{6EE1D373-9B3A-4F1C-B777-23CE7BF67C3F}.Release|Any CPU.ActiveCfg = Release|Any CPU
		{6EE1D373-9B3A-4F1C-B777-23CE7BF67C3F}.Release|Any CPU.Build.0 = Release|Any CPU
		{6EE1D373-9B3A-4F1C-B777-23CE7BF67C3F}.Release|ARM.ActiveCfg = Release|Any CPU
		{6EE1D373-9B3A-4F1C-B777-23CE7BF67C3F}.Release|x64.ActiveCfg = Release|Any CPU
		{6EE1D373-9B3A-4F1C-B777-23CE7BF67C3F}.Release|x86.ActiveCfg = Release|Any CPU
		{DBCDF33B-6B45-4AC1-B1B6-EBEF361355F0}.Debug|Any CPU.ActiveCfg = Debug|Any CPU
		{DBCDF33B-6B45-4AC1-B1B6-EBEF361355F0}.Debug|Any CPU.Build.0 = Debug|Any CPU
		{DBCDF33B-6B45-4AC1-B1B6-EBEF361355F0}.Debug|ARM.ActiveCfg = Debug|Any CPU
		{DBCDF33B-6B45-4AC1-B1B6-EBEF361355F0}.Debug|x64.ActiveCfg = Debug|Any CPU
		{DBCDF33B-6B45-4AC1-B1B6-EBEF361355F0}.Debug|x86.ActiveCfg = Debug|Any CPU
		{DBCDF33B-6B45-4AC1-B1B6-EBEF361355F0}.Release|Any CPU.ActiveCfg = Release|Any CPU
		{DBCDF33B-6B45-4AC1-B1B6-EBEF361355F0}.Release|Any CPU.Build.0 = Release|Any CPU
		{DBCDF33B-6B45-4AC1-B1B6-EBEF361355F0}.Release|ARM.ActiveCfg = Release|Any CPU
		{DBCDF33B-6B45-4AC1-B1B6-EBEF361355F0}.Release|x64.ActiveCfg = Release|Any CPU
		{DBCDF33B-6B45-4AC1-B1B6-EBEF361355F0}.Release|x86.ActiveCfg = Release|Any CPU
		{19B29CDC-BE83-4A67-9932-EBB41B4F971F}.Debug|Any CPU.ActiveCfg = Debug|Any CPU
		{19B29CDC-BE83-4A67-9932-EBB41B4F971F}.Debug|Any CPU.Build.0 = Debug|Any CPU
		{19B29CDC-BE83-4A67-9932-EBB41B4F971F}.Debug|Any CPU.Deploy.0 = Debug|Any CPU
		{19B29CDC-BE83-4A67-9932-EBB41B4F971F}.Debug|ARM.ActiveCfg = Debug|ARM
		{19B29CDC-BE83-4A67-9932-EBB41B4F971F}.Debug|ARM.Build.0 = Debug|ARM
		{19B29CDC-BE83-4A67-9932-EBB41B4F971F}.Debug|ARM.Deploy.0 = Debug|ARM
		{19B29CDC-BE83-4A67-9932-EBB41B4F971F}.Debug|x64.ActiveCfg = Debug|x64
		{19B29CDC-BE83-4A67-9932-EBB41B4F971F}.Debug|x64.Build.0 = Debug|x64
		{19B29CDC-BE83-4A67-9932-EBB41B4F971F}.Debug|x64.Deploy.0 = Debug|x64
		{19B29CDC-BE83-4A67-9932-EBB41B4F971F}.Debug|x86.ActiveCfg = Debug|x86
		{19B29CDC-BE83-4A67-9932-EBB41B4F971F}.Debug|x86.Build.0 = Debug|x86
		{19B29CDC-BE83-4A67-9932-EBB41B4F971F}.Debug|x86.Deploy.0 = Debug|x86
		{19B29CDC-BE83-4A67-9932-EBB41B4F971F}.Release|Any CPU.ActiveCfg = Release|Any CPU
		{19B29CDC-BE83-4A67-9932-EBB41B4F971F}.Release|Any CPU.Build.0 = Release|Any CPU
		{19B29CDC-BE83-4A67-9932-EBB41B4F971F}.Release|Any CPU.Deploy.0 = Release|Any CPU
		{19B29CDC-BE83-4A67-9932-EBB41B4F971F}.Release|ARM.ActiveCfg = Release|ARM
		{19B29CDC-BE83-4A67-9932-EBB41B4F971F}.Release|ARM.Build.0 = Release|ARM
		{19B29CDC-BE83-4A67-9932-EBB41B4F971F}.Release|ARM.Deploy.0 = Release|ARM
		{19B29CDC-BE83-4A67-9932-EBB41B4F971F}.Release|x64.ActiveCfg = Release|x64
		{19B29CDC-BE83-4A67-9932-EBB41B4F971F}.Release|x64.Build.0 = Release|x64
		{19B29CDC-BE83-4A67-9932-EBB41B4F971F}.Release|x64.Deploy.0 = Release|x64
		{19B29CDC-BE83-4A67-9932-EBB41B4F971F}.Release|x86.ActiveCfg = Release|x86
		{19B29CDC-BE83-4A67-9932-EBB41B4F971F}.Release|x86.Build.0 = Release|x86
		{19B29CDC-BE83-4A67-9932-EBB41B4F971F}.Release|x86.Deploy.0 = Release|x86
		{8AFAE0D6-CB77-4718-BCBC-C10622658ED1}.Debug|Any CPU.ActiveCfg = Debug|Any CPU
		{8AFAE0D6-CB77-4718-BCBC-C10622658ED1}.Debug|Any CPU.Build.0 = Debug|Any CPU
		{8AFAE0D6-CB77-4718-BCBC-C10622658ED1}.Debug|ARM.ActiveCfg = Debug|Any CPU
		{8AFAE0D6-CB77-4718-BCBC-C10622658ED1}.Debug|x64.ActiveCfg = Debug|Any CPU
		{8AFAE0D6-CB77-4718-BCBC-C10622658ED1}.Debug|x86.ActiveCfg = Debug|Any CPU
		{8AFAE0D6-CB77-4718-BCBC-C10622658ED1}.Release|Any CPU.ActiveCfg = Release|Any CPU
		{8AFAE0D6-CB77-4718-BCBC-C10622658ED1}.Release|Any CPU.Build.0 = Release|Any CPU
		{8AFAE0D6-CB77-4718-BCBC-C10622658ED1}.Release|ARM.ActiveCfg = Release|Any CPU
		{8AFAE0D6-CB77-4718-BCBC-C10622658ED1}.Release|x64.ActiveCfg = Release|Any CPU
		{8AFAE0D6-CB77-4718-BCBC-C10622658ED1}.Release|x86.ActiveCfg = Release|Any CPU
		{39DE280E-2709-4C05-8F0C-01F8774D73C7}.Debug|Any CPU.ActiveCfg = Debug|Any CPU
		{39DE280E-2709-4C05-8F0C-01F8774D73C7}.Debug|Any CPU.Build.0 = Debug|Any CPU
		{39DE280E-2709-4C05-8F0C-01F8774D73C7}.Debug|ARM.ActiveCfg = Debug|Any CPU
		{39DE280E-2709-4C05-8F0C-01F8774D73C7}.Debug|x64.ActiveCfg = Debug|Any CPU
		{39DE280E-2709-4C05-8F0C-01F8774D73C7}.Debug|x86.ActiveCfg = Debug|Any CPU
		{39DE280E-2709-4C05-8F0C-01F8774D73C7}.Release|Any CPU.ActiveCfg = Release|Any CPU
		{39DE280E-2709-4C05-8F0C-01F8774D73C7}.Release|Any CPU.Build.0 = Release|Any CPU
		{39DE280E-2709-4C05-8F0C-01F8774D73C7}.Release|ARM.ActiveCfg = Release|Any CPU
		{39DE280E-2709-4C05-8F0C-01F8774D73C7}.Release|x64.ActiveCfg = Release|Any CPU
		{39DE280E-2709-4C05-8F0C-01F8774D73C7}.Release|x86.ActiveCfg = Release|Any CPU
	EndGlobalSection
	GlobalSection(SolutionProperties) = preSolution
		HideSolutionNode = FALSE
	EndGlobalSection
EndGlobal
